
Microsoft Visual Studio Solution File, Format Version 12.00
# Visual Studio Version 17
VisualStudioVersion = 17.8.34408.163
MinimumVisualStudioVersion = 10.0.40219.1
Project("{9A19103F-16F7-4668-BE54-9A1E7A4F7556}") = "Commands", "src\Commands\Commands.csproj", "{E87D1D56-CC32-437A-89A7-42400F57E857}"
EndProject
Project("{2150E333-8FDC-42A3-9474-1A3956D46DE8}") = "Tests", "Tests", "{1AB3A177-3567-4B50-98D5-9F6CF187D0DD}"
EndProject
Project("{2150E333-8FDC-42A3-9474-1A3956D46DE8}") = "Samples", "Samples", "{A9564368-0CFA-474A-BFBA-A1A140C53F2F}"
EndProject
Project("{9A19103F-16F7-4668-BE54-9A1E7A4F7556}") = "Commands.Samples.Console", "src\Commands.Samples\Commands.Samples.Console\Commands.Samples.Console.csproj", "{E5AA19B1-9C2D-44DF-A5D6-277F114B1B51}"
EndProject
Project("{9A19103F-16F7-4668-BE54-9A1E7A4F7556}") = "Commands.Samples.Hosting", "src\Commands.Samples\Commands.Samples.Hosting\Commands.Samples.Hosting.csproj", "{4C8A5F95-9B16-440F-8F70-0CE1CBA88665}"
EndProject
Project("{9A19103F-16F7-4668-BE54-9A1E7A4F7556}") = "Commands.Tests.Benchmarks", "src\Commands.Tests\Commands.Tests.Benchmarks\Commands.Tests.Benchmarks.csproj", "{0C4B9040-1BC4-47DC-B9C3-4389EBBD378F}"
EndProject
Project("{9A19103F-16F7-4668-BE54-9A1E7A4F7556}") = "Commands.Tests.Console", "src\Commands.Tests\Commands.Tests.Console\Commands.Tests.Console.csproj", "{3F5E8CB9-FC11-47EC-81EA-2CA241B89A1D}"
EndProject
Project("{FAE04EC0-301F-11D3-BF4B-00C04F79EFBC}") = "Commands.Samples.Aot", "src\Commands.Samples\Commands.Samples.Aot\Commands.Samples.Aot.csproj", "{B223CFF0-3809-49A7-AFC5-01BBEF6C6C65}"
EndProject
Project("{FAE04EC0-301F-11D3-BF4B-00C04F79EFBC}") = "Commands.Samples.Core", "src\Commands.Samples\Commands.Samples.Core\Commands.Samples.Core.csproj", "{B744E55E-4DD1-4929-B831-CBB41B3B08CF}"
EndProject
Project("{F2A71F9B-5D33-465A-A702-920D77279786}") = "Commands.Samples.FSharp", "src\Commands.Samples\Commands.Samples.FSharp\Commands.Samples.FSharp.fsproj", "{5E1DDDEF-F126-4E5D-ADC9-CC205D675F43}"
EndProject
Project("{FAE04EC0-301F-11D3-BF4B-00C04F79EFBC}") = "Commands.Hosting", "src\Commands.Hosting\Commands.Hosting.csproj", "{4B8BF3EF-9C08-41B6-9DCC-4AB2EA7FCFE8}"
EndProject
Project("{FAE04EC0-301F-11D3-BF4B-00C04F79EFBC}") = "Commands.Http", "src\Commands.Http\Commands.Http.csproj", "{0F59689D-80CD-47C6-A075-E47E2B24B5E5}"
EndProject
Project("{FAE04EC0-301F-11D3-BF4B-00C04F79EFBC}") = "Commands.Samples.Http", "src\Commands.Samples\Commands.Samples.Http\Commands.Samples.Http.csproj", "{4FDAAD40-A564-4A67-AF2C-F4C3A4836E33}"
EndProject
Global
	GlobalSection(SolutionConfigurationPlatforms) = preSolution
		Debug|Any CPU = Debug|Any CPU
		Release|Any CPU = Release|Any CPU
	EndGlobalSection
	GlobalSection(ProjectConfigurationPlatforms) = postSolution
		{E87D1D56-CC32-437A-89A7-42400F57E857}.Debug|Any CPU.ActiveCfg = Debug|Any CPU
		{E87D1D56-CC32-437A-89A7-42400F57E857}.Debug|Any CPU.Build.0 = Debug|Any CPU
		{E87D1D56-CC32-437A-89A7-42400F57E857}.Release|Any CPU.ActiveCfg = Release|Any CPU
		{E87D1D56-CC32-437A-89A7-42400F57E857}.Release|Any CPU.Build.0 = Release|Any CPU
		{E5AA19B1-9C2D-44DF-A5D6-277F114B1B51}.Debug|Any CPU.ActiveCfg = Debug|Any CPU
		{E5AA19B1-9C2D-44DF-A5D6-277F114B1B51}.Debug|Any CPU.Build.0 = Debug|Any CPU
		{E5AA19B1-9C2D-44DF-A5D6-277F114B1B51}.Release|Any CPU.ActiveCfg = Release|Any CPU
		{E5AA19B1-9C2D-44DF-A5D6-277F114B1B51}.Release|Any CPU.Build.0 = Release|Any CPU
		{4C8A5F95-9B16-440F-8F70-0CE1CBA88665}.Debug|Any CPU.ActiveCfg = Debug|Any CPU
		{4C8A5F95-9B16-440F-8F70-0CE1CBA88665}.Debug|Any CPU.Build.0 = Debug|Any CPU
		{4C8A5F95-9B16-440F-8F70-0CE1CBA88665}.Release|Any CPU.ActiveCfg = Release|Any CPU
		{4C8A5F95-9B16-440F-8F70-0CE1CBA88665}.Release|Any CPU.Build.0 = Release|Any CPU
		{0C4B9040-1BC4-47DC-B9C3-4389EBBD378F}.Debug|Any CPU.ActiveCfg = Debug|Any CPU
		{0C4B9040-1BC4-47DC-B9C3-4389EBBD378F}.Debug|Any CPU.Build.0 = Debug|Any CPU
		{0C4B9040-1BC4-47DC-B9C3-4389EBBD378F}.Release|Any CPU.ActiveCfg = Release|Any CPU
		{0C4B9040-1BC4-47DC-B9C3-4389EBBD378F}.Release|Any CPU.Build.0 = Release|Any CPU
		{3F5E8CB9-FC11-47EC-81EA-2CA241B89A1D}.Debug|Any CPU.ActiveCfg = Debug|Any CPU
		{3F5E8CB9-FC11-47EC-81EA-2CA241B89A1D}.Debug|Any CPU.Build.0 = Debug|Any CPU
		{3F5E8CB9-FC11-47EC-81EA-2CA241B89A1D}.Release|Any CPU.ActiveCfg = Release|Any CPU
		{3F5E8CB9-FC11-47EC-81EA-2CA241B89A1D}.Release|Any CPU.Build.0 = Release|Any CPU
		{B223CFF0-3809-49A7-AFC5-01BBEF6C6C65}.Debug|Any CPU.ActiveCfg = Debug|Any CPU
		{B223CFF0-3809-49A7-AFC5-01BBEF6C6C65}.Debug|Any CPU.Build.0 = Debug|Any CPU
		{B223CFF0-3809-49A7-AFC5-01BBEF6C6C65}.Release|Any CPU.ActiveCfg = Release|Any CPU
		{B223CFF0-3809-49A7-AFC5-01BBEF6C6C65}.Release|Any CPU.Build.0 = Release|Any CPU
		{B744E55E-4DD1-4929-B831-CBB41B3B08CF}.Debug|Any CPU.ActiveCfg = Debug|Any CPU
		{B744E55E-4DD1-4929-B831-CBB41B3B08CF}.Debug|Any CPU.Build.0 = Debug|Any CPU
		{B744E55E-4DD1-4929-B831-CBB41B3B08CF}.Release|Any CPU.ActiveCfg = Release|Any CPU
		{B744E55E-4DD1-4929-B831-CBB41B3B08CF}.Release|Any CPU.Build.0 = Release|Any CPU
		{5E1DDDEF-F126-4E5D-ADC9-CC205D675F43}.Debug|Any CPU.ActiveCfg = Debug|Any CPU
		{5E1DDDEF-F126-4E5D-ADC9-CC205D675F43}.Debug|Any CPU.Build.0 = Debug|Any CPU
		{5E1DDDEF-F126-4E5D-ADC9-CC205D675F43}.Release|Any CPU.ActiveCfg = Release|Any CPU
		{5E1DDDEF-F126-4E5D-ADC9-CC205D675F43}.Release|Any CPU.Build.0 = Release|Any CPU
		{4B8BF3EF-9C08-41B6-9DCC-4AB2EA7FCFE8}.Debug|Any CPU.ActiveCfg = Debug|Any CPU
		{4B8BF3EF-9C08-41B6-9DCC-4AB2EA7FCFE8}.Debug|Any CPU.Build.0 = Debug|Any CPU
		{4B8BF3EF-9C08-41B6-9DCC-4AB2EA7FCFE8}.Release|Any CPU.ActiveCfg = Release|Any CPU
		{4B8BF3EF-9C08-41B6-9DCC-4AB2EA7FCFE8}.Release|Any CPU.Build.0 = Release|Any CPU
		{0F59689D-80CD-47C6-A075-E47E2B24B5E5}.Debug|Any CPU.ActiveCfg = Debug|Any CPU
		{0F59689D-80CD-47C6-A075-E47E2B24B5E5}.Debug|Any CPU.Build.0 = Debug|Any CPU
		{0F59689D-80CD-47C6-A075-E47E2B24B5E5}.Release|Any CPU.ActiveCfg = Release|Any CPU
		{0F59689D-80CD-47C6-A075-E47E2B24B5E5}.Release|Any CPU.Build.0 = Release|Any CPU
		{4FDAAD40-A564-4A67-AF2C-F4C3A4836E33}.Debug|Any CPU.ActiveCfg = Debug|Any CPU
		{4FDAAD40-A564-4A67-AF2C-F4C3A4836E33}.Debug|Any CPU.Build.0 = Debug|Any CPU
		{4FDAAD40-A564-4A67-AF2C-F4C3A4836E33}.Release|Any CPU.ActiveCfg = Release|Any CPU
		{4FDAAD40-A564-4A67-AF2C-F4C3A4836E33}.Release|Any CPU.Build.0 = Release|Any CPU
	EndGlobalSection
	GlobalSection(SolutionProperties) = preSolution
		HideSolutionNode = FALSE
	EndGlobalSection
	GlobalSection(NestedProjects) = preSolution
		{E5AA19B1-9C2D-44DF-A5D6-277F114B1B51} = {A9564368-0CFA-474A-BFBA-A1A140C53F2F}
		{4C8A5F95-9B16-440F-8F70-0CE1CBA88665} = {A9564368-0CFA-474A-BFBA-A1A140C53F2F}
		{0C4B9040-1BC4-47DC-B9C3-4389EBBD378F} = {1AB3A177-3567-4B50-98D5-9F6CF187D0DD}
		{3F5E8CB9-FC11-47EC-81EA-2CA241B89A1D} = {1AB3A177-3567-4B50-98D5-9F6CF187D0DD}
		{B223CFF0-3809-49A7-AFC5-01BBEF6C6C65} = {A9564368-0CFA-474A-BFBA-A1A140C53F2F}
		{B744E55E-4DD1-4929-B831-CBB41B3B08CF} = {A9564368-0CFA-474A-BFBA-A1A140C53F2F}
		{5E1DDDEF-F126-4E5D-ADC9-CC205D675F43} = {A9564368-0CFA-474A-BFBA-A1A140C53F2F}
		{4FDAAD40-A564-4A67-AF2C-F4C3A4836E33} = {A9564368-0CFA-474A-BFBA-A1A140C53F2F}
	EndGlobalSection
	GlobalSection(ExtensibilityGlobals) = postSolution
		SolutionGuid = {0CAE3B50-8AEE-4E7A-95F7-A63F51C38083}
	EndGlobalSection
EndGlobal
